<?xml version="1.0" encoding="utf-8"?>
<Project ToolsVersion="4.0" xmlns="http://schemas.microsoft.com/developer/msbuild/2003">
  <ItemGroup>
    <Filter Include="Source Files">
      <UniqueIdentifier>{d966f358-c8f1-4d03-a901-04c2f9fb7c73}</UniqueIdentifier>
    </Filter>
    <Filter Include="Header Files">
      <UniqueIdentifier>{b8fa4c72-95d1-4495-8707-6299e91ea1f6}</UniqueIdentifier>
    </Filter>
    <Filter Include="Hooks">
      <UniqueIdentifier>{b7ba6e41-bfb3-42f1-a6e6-3dc26edff9b6}</UniqueIdentifier>
    </Filter>
    <Filter Include="Third Party\MinHook">
      <UniqueIdentifier>{5e4d08dc-1b44-48ab-8a0d-499c41d5da8c}</UniqueIdentifier>
    </Filter>
  </ItemGroup>
  <ItemGroup>
    <ClCompile Include="dllmain.cpp">
      <Filter>Source Files</Filter>
    </ClCompile>
    <ClCompile Include="logger.cpp">
      <Filter>Source Files</Filter>
    </ClCompile>
    <ClCompile Include="hooks\file_io_hook.cpp">
      <Filter>Hooks</Filter>
    </ClCompile>
    <ClCompile Include="..\third_party\minhook\src\buffer.c">
      <Filter>Third Party\MinHook</Filter>
    </ClCompile>
    <ClCompile Include="..\third_party\minhook\src\hook.c">
      <Filter>Third Party\MinHook</Filter>
    </ClCompile>
    <ClCompile Include="..\third_party\minhook\src\trampoline.c">
      <Filter>Third Party\MinHook</Filter>
    </ClCompile>
    <ClCompile Include="..\third_party\minhook\src\hde\hde64.c">
      <Filter>Third Party\MinHook</Filter>
    </ClCompile>
  </ItemGroup>
  <ItemGroup>
    <ClInclude Include="logger.h">
      <Filter>Header Files</Filter>
    </ClInclude>
    <ClInclude Include="hooks\file_io_hook.h">
      <Filter>Hooks</Filter>
    </ClInclude>
    <ClInclude Include="..\third_party\minhook\include\MinHook.h">
      <Filter>Third Party\MinHook</Filter>
    </ClInclude>
    <ClInclude Include="..\third_party\minhook\src\buffer.h">
      <Filter>Third Party\MinHook</Filter>
    </ClInclude>
    <ClInclude Include="..\third_party\minhook\src\trampoline.h">
      <Filter>Third Party\MinHook</Filter>
    </ClInclude>
    <ClInclude Include="..\third_party\minhook\src\hde\hde64.h">
      <Filter>Third Party\MinHook</Filter>
    </ClInclude>
  </ItemGroup>
</Project>
